
Microsoft Visual Studio Solution File, Format Version 12.00
# Visual Studio Version 16
VisualStudioVersion = 16.0.31702.278
MinimumVisualStudioVersion = 10.0.40219.1
Project("{FAE04EC0-301F-11D3-BF4B-00C04F79EFBC}") = "Binary to Decimal Converter", "Binary to Decimal Converter\Binary to Decimal Converter.csproj", "{75B65709-6403-4322-AA46-DFB5F7BD0EF3}"
EndProject
Global
	GlobalSection(SolutionConfigurationPlatforms) = preSolution
		Debug|Any CPU = Debug|Any CPU
		Release|Any CPU = Release|Any CPU
	EndGlobalSection
	GlobalSection(ProjectConfigurationPlatforms) = postSolution
		{75B65709-6403-4322-AA46-DFB5F7BD0EF3}.Debug|Any CPU.ActiveCfg = Debug|Any CPU
		{75B65709-6403-4322-AA46-DFB5F7BD0EF3}.Debug|Any CPU.Build.0 = Debug|Any CPU
		{75B65709-6403-4322-AA46-DFB5F7BD0EF3}.Release|Any CPU.ActiveCfg = Release|Any CPU
		{75B65709-6403-4322-AA46-DFB5F7BD0EF3}.Release|Any CPU.Build.0 = Release|Any CPU
	EndGlobalSection
	GlobalSection(SolutionProperties) = preSolution
		HideSolutionNode = FALSE
	EndGlobalSection
	GlobalSection(ExtensibilityGlobals) = postSolution
		SolutionGuid = {31C88128-C37C-412B-BBB0-EAB1165F3DE0}
	EndGlobalSection
EndGlobal
